
Microsoft Visual Studio Solution File, Format Version 12.00
# Visual Studio Version 16
VisualStudioVersion = 16.0.29503.13
MinimumVisualStudioVersion = 10.0.40219.1
Project("{FAE04EC0-301F-11D3-BF4B-00C04F79EFBC}") = "DuLich_DH", "DuLich_DH\DuLich_DH.csproj", "{217CA0BC-D038-483E-A3AF-5B0DD4E0F3BF}"
EndProject
Global
	GlobalSection(SolutionConfigurationPlatforms) = preSolution
		Debug|Any CPU = Debug|Any CPU
		Release|Any CPU = Release|Any CPU
	EndGlobalSection
	GlobalSection(ProjectConfigurationPlatforms) = postSolution
		{217CA0BC-D038-483E-A3AF-5B0DD4E0F3BF}.Debug|Any CPU.ActiveCfg = Debug|Any CPU
		{217CA0BC-D038-483E-A3AF-5B0DD4E0F3BF}.Debug|Any CPU.Build.0 = Debug|Any CPU
		{217CA0BC-D038-483E-A3AF-5B0DD4E0F3BF}.Release|Any CPU.ActiveCfg = Release|Any CPU
		{217CA0BC-D038-483E-A3AF-5B0DD4E0F3BF}.Release|Any CPU.Build.0 = Release|Any CPU
	EndGlobalSection
	GlobalSection(SolutionProperties) = preSolution
		HideSolutionNode = FALSE
	EndGlobalSection
	GlobalSection(ExtensibilityGlobals) = postSolution
		SolutionGuid = {A223C43F-1D03-450B-A505-58B4127CF67C}
	EndGlobalSection
EndGlobal
